
Microsoft Visual Studio Solution File, Format Version 12.00
# Visual Studio Version 17
VisualStudioVersion = 17.2.32630.192
MinimumVisualStudioVersion = 10.0.40219.1
Project("{9A19103F-16F7-4668-BE54-9A1E7A4F7556}") = "DxBlazorRichEdit_OpenSilver_Bridge", "DxBlazorRichEdit_OpenSilver_Bridge\DxBlazorRichEdit_OpenSilver_Bridge.csproj", "{28F50309-E002-4D10-ABB6-4077C7133265}"
EndProject
Project("{9A19103F-16F7-4668-BE54-9A1E7A4F7556}") = "DxBlazorRichEdit_OpenSilver_Bridge.Browser", "DxBlazorRichEdit_OpenSilver_Bridge.Browser\DxBlazorRichEdit_OpenSilver_Bridge.Browser.csproj", "{9F94F1F9-1288-4AC1-8DF0-94689A04E4BF}"
EndProject
Project("{9A19103F-16F7-4668-BE54-9A1E7A4F7556}") = "DxBlazorRichEdit_OpenSilver_Bridge.Simulator", "DxBlazorRichEdit_OpenSilver_Bridge.Simulator\DxBlazorRichEdit_OpenSilver_Bridge.Simulator.csproj", "{DBC6F68A-0E29-4806-A61B-6885971916D7}"
EndProject
Global
	GlobalSection(SolutionConfigurationPlatforms) = preSolution
		Debug|Any CPU = Debug|Any CPU
		Release|Any CPU = Release|Any CPU
	EndGlobalSection
	GlobalSection(ProjectConfigurationPlatforms) = postSolution
		{28F50309-E002-4D10-ABB6-4077C7133265}.Debug|Any CPU.ActiveCfg = Debug|Any CPU
		{28F50309-E002-4D10-ABB6-4077C7133265}.Debug|Any CPU.Build.0 = Debug|Any CPU
		{28F50309-E002-4D10-ABB6-4077C7133265}.Release|Any CPU.ActiveCfg = Release|Any CPU
		{28F50309-E002-4D10-ABB6-4077C7133265}.Release|Any CPU.Build.0 = Release|Any CPU
		{9F94F1F9-1288-4AC1-8DF0-94689A04E4BF}.Debug|Any CPU.ActiveCfg = Debug|Any CPU
		{9F94F1F9-1288-4AC1-8DF0-94689A04E4BF}.Debug|Any CPU.Build.0 = Debug|Any CPU
		{9F94F1F9-1288-4AC1-8DF0-94689A04E4BF}.Release|Any CPU.ActiveCfg = Release|Any CPU
		{9F94F1F9-1288-4AC1-8DF0-94689A04E4BF}.Release|Any CPU.Build.0 = Release|Any CPU
		{DBC6F68A-0E29-4806-A61B-6885971916D7}.Debug|Any CPU.ActiveCfg = Debug|Any CPU
		{DBC6F68A-0E29-4806-A61B-6885971916D7}.Debug|Any CPU.Build.0 = Debug|Any CPU
		{DBC6F68A-0E29-4806-A61B-6885971916D7}.Release|Any CPU.ActiveCfg = Release|Any CPU
		{DBC6F68A-0E29-4806-A61B-6885971916D7}.Release|Any CPU.Build.0 = Release|Any CPU
	EndGlobalSection
	GlobalSection(SolutionProperties) = preSolution
		HideSolutionNode = FALSE
	EndGlobalSection
	GlobalSection(ExtensibilityGlobals) = postSolution
		SolutionGuid = {FFE2A120-7402-4862-8DC6-97E0BBD8719D}
	EndGlobalSection
EndGlobal
